
Microsoft Visual Studio Solution File, Format Version 12.00
# Visual Studio Version 17
VisualStudioVersion = 17.2.32314.265
MinimumVisualStudioVersion = 10.0.40219.1
Project("{9A19103F-16F7-4668-BE54-9A1E7A4F7556}") = "DomainModel", "src\DomainModel\DomainModel.csproj", "{C4F7C74E-264B-4577-84B8-460AFA15D942}"
EndProject
Project("{9A19103F-16F7-4668-BE54-9A1E7A4F7556}") = "Console", "src\Console\Console.csproj", "{7EBF9E49-B87A-4932-9C0C-D469EAF2A226}"
EndProject
Project("{9A19103F-16F7-4668-BE54-9A1E7A4F7556}") = "Storage.CosmosDb", "src\Storage.CosmosDb\Storage.CosmosDb.csproj", "{998242B4-6F00-478C-BA47-F4066BC13CE6}"
EndProject
Project("{9A19103F-16F7-4668-BE54-9A1E7A4F7556}") = "DomainModel.Events", "src\DomailModel.Events\DomainModel.Events.csproj", "{9707F76B-F830-4359-BFE4-193FEE2DC9C9}"
EndProject
Global
	GlobalSection(SolutionConfigurationPlatforms) = preSolution
		Debug|Any CPU = Debug|Any CPU
		Release|Any CPU = Release|Any CPU
	EndGlobalSection
	GlobalSection(ProjectConfigurationPlatforms) = postSolution
		{C4F7C74E-264B-4577-84B8-460AFA15D942}.Debug|Any CPU.ActiveCfg = Debug|Any CPU
		{C4F7C74E-264B-4577-84B8-460AFA15D942}.Debug|Any CPU.Build.0 = Debug|Any CPU
		{C4F7C74E-264B-4577-84B8-460AFA15D942}.Release|Any CPU.ActiveCfg = Release|Any CPU
		{C4F7C74E-264B-4577-84B8-460AFA15D942}.Release|Any CPU.Build.0 = Release|Any CPU
		{7EBF9E49-B87A-4932-9C0C-D469EAF2A226}.Debug|Any CPU.ActiveCfg = Debug|Any CPU
		{7EBF9E49-B87A-4932-9C0C-D469EAF2A226}.Debug|Any CPU.Build.0 = Debug|Any CPU
		{7EBF9E49-B87A-4932-9C0C-D469EAF2A226}.Release|Any CPU.ActiveCfg = Release|Any CPU
		{7EBF9E49-B87A-4932-9C0C-D469EAF2A226}.Release|Any CPU.Build.0 = Release|Any CPU
		{998242B4-6F00-478C-BA47-F4066BC13CE6}.Debug|Any CPU.ActiveCfg = Debug|Any CPU
		{998242B4-6F00-478C-BA47-F4066BC13CE6}.Debug|Any CPU.Build.0 = Debug|Any CPU
		{998242B4-6F00-478C-BA47-F4066BC13CE6}.Release|Any CPU.ActiveCfg = Release|Any CPU
		{998242B4-6F00-478C-BA47-F4066BC13CE6}.Release|Any CPU.Build.0 = Release|Any CPU
		{9707F76B-F830-4359-BFE4-193FEE2DC9C9}.Debug|Any CPU.ActiveCfg = Debug|Any CPU
		{9707F76B-F830-4359-BFE4-193FEE2DC9C9}.Debug|Any CPU.Build.0 = Debug|Any CPU
		{9707F76B-F830-4359-BFE4-193FEE2DC9C9}.Release|Any CPU.ActiveCfg = Release|Any CPU
		{9707F76B-F830-4359-BFE4-193FEE2DC9C9}.Release|Any CPU.Build.0 = Release|Any CPU
	EndGlobalSection
	GlobalSection(SolutionProperties) = preSolution
		HideSolutionNode = FALSE
	EndGlobalSection
	GlobalSection(ExtensibilityGlobals) = postSolution
		SolutionGuid = {F562D35B-011D-4A26-80A2-3EC80A6C0A4F}
	EndGlobalSection
EndGlobal
